
Microsoft Visual Studio Solution File, Format Version 12.00
# Visual Studio Version 17
VisualStudioVersion = 17.11.35327.3
MinimumVisualStudioVersion = 10.0.40219.1
Project("{FAE04EC0-301F-11D3-BF4B-00C04F79EFBC}") = "restourant", "restourant\restourant.csproj", "{38D2C27A-A328-4445-A669-E0BBA5B90541}"
EndProject
Global
	GlobalSection(SolutionConfigurationPlatforms) = preSolution
		Debug|Any CPU = Debug|Any CPU
		Release|Any CPU = Release|Any CPU
	EndGlobalSection
	GlobalSection(ProjectConfigurationPlatforms) = postSolution
		{38D2C27A-A328-4445-A669-E0BBA5B90541}.Debug|Any CPU.ActiveCfg = Debug|Any CPU
		{38D2C27A-A328-4445-A669-E0BBA5B90541}.Debug|Any CPU.Build.0 = Debug|Any CPU
		{38D2C27A-A328-4445-A669-E0BBA5B90541}.Release|Any CPU.ActiveCfg = Release|Any CPU
		{38D2C27A-A328-4445-A669-E0BBA5B90541}.Release|Any CPU.Build.0 = Release|Any CPU
	EndGlobalSection
	GlobalSection(SolutionProperties) = preSolution
		HideSolutionNode = FALSE
	EndGlobalSection
	GlobalSection(ExtensibilityGlobals) = postSolution
		SolutionGuid = {C15EF98A-EDE4-4296-BB3D-86615D587EC2}
	EndGlobalSection
EndGlobal
